
Microsoft Visual Studio Solution File, Format Version 12.00
# Visual Studio Version 17
VisualStudioVersion = 17.0.31903.59
MinimumVisualStudioVersion = 10.0.40219.1
Project("{FAE04EC0-301F-11D3-BF4B-00C04F79EFBC}") = "WebApi", "WebApi\WebApi.csproj", "{D29504B0-2EE2-41F1-8D0C-6E51087B30AC}"
EndProject
Project("{FAE04EC0-301F-11D3-BF4B-00C04F79EFBC}") = "Gateway", "Gateway\Gateway.csproj", "{A60EAC80-952F-4ACD-8A83-44FF88D91F6E}"
EndProject
Global
	GlobalSection(SolutionConfigurationPlatforms) = preSolution
		Debug|Any CPU = Debug|Any CPU
		Debug|x64 = Debug|x64
		Debug|x86 = Debug|x86
		Release|Any CPU = Release|Any CPU
		Release|x64 = Release|x64
		Release|x86 = Release|x86
	EndGlobalSection
	GlobalSection(ProjectConfigurationPlatforms) = postSolution
		{D29504B0-2EE2-41F1-8D0C-6E51087B30AC}.Debug|Any CPU.ActiveCfg = Debug|Any CPU
		{D29504B0-2EE2-41F1-8D0C-6E51087B30AC}.Debug|Any CPU.Build.0 = Debug|Any CPU
		{D29504B0-2EE2-41F1-8D0C-6E51087B30AC}.Debug|x64.ActiveCfg = Debug|Any CPU
		{D29504B0-2EE2-41F1-8D0C-6E51087B30AC}.Debug|x64.Build.0 = Debug|Any CPU
		{D29504B0-2EE2-41F1-8D0C-6E51087B30AC}.Debug|x86.ActiveCfg = Debug|Any CPU
		{D29504B0-2EE2-41F1-8D0C-6E51087B30AC}.Debug|x86.Build.0 = Debug|Any CPU
		{D29504B0-2EE2-41F1-8D0C-6E51087B30AC}.Release|Any CPU.ActiveCfg = Release|Any CPU
		{D29504B0-2EE2-41F1-8D0C-6E51087B30AC}.Release|Any CPU.Build.0 = Release|Any CPU
		{D29504B0-2EE2-41F1-8D0C-6E51087B30AC}.Release|x64.ActiveCfg = Release|Any CPU
		{D29504B0-2EE2-41F1-8D0C-6E51087B30AC}.Release|x64.Build.0 = Release|Any CPU
		{D29504B0-2EE2-41F1-8D0C-6E51087B30AC}.Release|x86.ActiveCfg = Release|Any CPU
		{D29504B0-2EE2-41F1-8D0C-6E51087B30AC}.Release|x86.Build.0 = Release|Any CPU
		{A60EAC80-952F-4ACD-8A83-44FF88D91F6E}.Debug|Any CPU.ActiveCfg = Debug|Any CPU
		{A60EAC80-952F-4ACD-8A83-44FF88D91F6E}.Debug|Any CPU.Build.0 = Debug|Any CPU
		{A60EAC80-952F-4ACD-8A83-44FF88D91F6E}.Debug|x64.ActiveCfg = Debug|Any CPU
		{A60EAC80-952F-4ACD-8A83-44FF88D91F6E}.Debug|x64.Build.0 = Debug|Any CPU
		{A60EAC80-952F-4ACD-8A83-44FF88D91F6E}.Debug|x86.ActiveCfg = Debug|Any CPU
		{A60EAC80-952F-4ACD-8A83-44FF88D91F6E}.Debug|x86.Build.0 = Debug|Any CPU
		{A60EAC80-952F-4ACD-8A83-44FF88D91F6E}.Release|Any CPU.ActiveCfg = Release|Any CPU
		{A60EAC80-952F-4ACD-8A83-44FF88D91F6E}.Release|Any CPU.Build.0 = Release|Any CPU
		{A60EAC80-952F-4ACD-8A83-44FF88D91F6E}.Release|x64.ActiveCfg = Release|Any CPU
		{A60EAC80-952F-4ACD-8A83-44FF88D91F6E}.Release|x64.Build.0 = Release|Any CPU
		{A60EAC80-952F-4ACD-8A83-44FF88D91F6E}.Release|x86.ActiveCfg = Release|Any CPU
		{A60EAC80-952F-4ACD-8A83-44FF88D91F6E}.Release|x86.Build.0 = Release|Any CPU
	EndGlobalSection
	GlobalSection(SolutionProperties) = preSolution
		HideSolutionNode = FALSE
	EndGlobalSection
EndGlobal
